{
    "_readme": [
        "This file locks the dependencies of your project to a known state",
        "Read more about it at https://getcomposer.org/doc/01-basic-usage.md#composer-lock-the-lock-file",
        "This file is @generated automatically"
    ],
    "hash": "069c6e7daba15dd1fbf7052a4f157d61",
    "content-hash": "defaa839690205c3a27ec6d8c5f98a42",
    "packages": [],
    "packages-dev": [],
    "aliases": [],
    "minimum-stability": "stable",
    "stability-flags": [],
    "prefer-stable": false,
    "prefer-lowest": false,
    "platform": {
        "php": "~5.5.0",
        "ext-mbstring": "*"
    },
    "platform-dev": []
}
