{
    "_readme": [
        "This file locks the dependencies of your project to a known state",
        "Read more about it at https://getcomposer.org/doc/01-basic-usage.md#composer-lock-the-lock-file",
        "This file is @generated automatically"
    ],
    "hash": "b8ef9bee98d1f1c8dc422a1a1c90741a",
    "content-hash": "86c5d0d3e5d7378098ad981ab2545db6",
    "packages": [],
    "packages-dev": [],
    "aliases": [],
    "minimum-stability": "stable",
    "stability-flags": [],
    "prefer-stable": false,
    "prefer-lowest": false,
    "platform": {
        "php": "~5.5.0",
        "ext-mbstring": "*",
        "ext-gd": "*",
        "ext-zip": "*",
        "ext-xml": "*",
        "ext-xmlwriter": "*"
    },
    "platform-dev": []
}
